
Microsoft Visual Studio Solution File, Format Version 12.00
# Visual Studio Version 17
VisualStudioVersion = 17.7.34024.191
MinimumVisualStudioVersion = 10.0.40219.1
Project("{9A19103F-16F7-4668-BE54-9A1E7A4F7556}") = "StringSearchTest", "StringSearchTest\StringSearchTest.csproj", "{36DFED40-8025-45F1-91E7-8A14A01AF1E6}"
	ProjectSection(ProjectDependencies) = postProject
		{1B3AB660-7875-46B9-B1BA-16846F8DE18D} = {1B3AB660-7875-46B9-B1BA-16846F8DE18D}
	EndProjectSection
EndProject
Project("{FAE04EC0-301F-11D3-BF4B-00C04F79EFBC}") = "StringSearch", "StringSearch\StringSearch.csproj", "{1B3AB660-7875-46B9-B1BA-16846F8DE18D}"
EndProject
Global
	GlobalSection(SolutionConfigurationPlatforms) = preSolution
		Debug|Any CPU = Debug|Any CPU
		Release|Any CPU = Release|Any CPU
	EndGlobalSection
	GlobalSection(ProjectConfigurationPlatforms) = postSolution
		{36DFED40-8025-45F1-91E7-8A14A01AF1E6}.Debug|Any CPU.ActiveCfg = Debug|Any CPU
		{36DFED40-8025-45F1-91E7-8A14A01AF1E6}.Debug|Any CPU.Build.0 = Debug|Any CPU
		{36DFED40-8025-45F1-91E7-8A14A01AF1E6}.Release|Any CPU.ActiveCfg = Release|Any CPU
		{36DFED40-8025-45F1-91E7-8A14A01AF1E6}.Release|Any CPU.Build.0 = Release|Any CPU
		{1B3AB660-7875-46B9-B1BA-16846F8DE18D}.Debug|Any CPU.ActiveCfg = Debug|Any CPU
		{1B3AB660-7875-46B9-B1BA-16846F8DE18D}.Debug|Any CPU.Build.0 = Debug|Any CPU
		{1B3AB660-7875-46B9-B1BA-16846F8DE18D}.Release|Any CPU.ActiveCfg = Release|Any CPU
		{1B3AB660-7875-46B9-B1BA-16846F8DE18D}.Release|Any CPU.Build.0 = Release|Any CPU
	EndGlobalSection
	GlobalSection(SolutionProperties) = preSolution
		HideSolutionNode = FALSE
	EndGlobalSection
	GlobalSection(ExtensibilityGlobals) = postSolution
		SolutionGuid = {435B21AA-1198-467C-80FB-66339D60070B}
	EndGlobalSection
EndGlobal
